
Microsoft Visual Studio Solution File, Format Version 12.00
# Visual Studio Version 17
VisualStudioVersion = 17.8.34511.84
MinimumVisualStudioVersion = 10.0.40219.1
Project("{FAE04EC0-301F-11D3-BF4B-00C04F79EFBC}") = "Zadanie 4.3", "Zadanie 4.3\Zadanie 4.3.csproj", "{0E62C299-7248-4DB4-91C1-6807711DA2CD}"
EndProject
Global
	GlobalSection(SolutionConfigurationPlatforms) = preSolution
		Debug|Any CPU = Debug|Any CPU
		Release|Any CPU = Release|Any CPU
	EndGlobalSection
	GlobalSection(ProjectConfigurationPlatforms) = postSolution
		{0E62C299-7248-4DB4-91C1-6807711DA2CD}.Debug|Any CPU.ActiveCfg = Debug|Any CPU
		{0E62C299-7248-4DB4-91C1-6807711DA2CD}.Debug|Any CPU.Build.0 = Debug|Any CPU
		{0E62C299-7248-4DB4-91C1-6807711DA2CD}.Release|Any CPU.ActiveCfg = Release|Any CPU
		{0E62C299-7248-4DB4-91C1-6807711DA2CD}.Release|Any CPU.Build.0 = Release|Any CPU
	EndGlobalSection
	GlobalSection(SolutionProperties) = preSolution
		HideSolutionNode = FALSE
	EndGlobalSection
	GlobalSection(ExtensibilityGlobals) = postSolution
		SolutionGuid = {0F2BB76D-17CA-4F44-AFDE-DAC05251C681}
	EndGlobalSection
EndGlobal
