
Microsoft Visual Studio Solution File, Format Version 12.00
# Visual Studio Version 17
VisualStudioVersion = 17.8.34511.84
MinimumVisualStudioVersion = 10.0.40219.1
Project("{FAE04EC0-301F-11D3-BF4B-00C04F79EFBC}") = "Zadanie 3.1", "Zadanie 3.1\Zadanie 3.1.csproj", "{325AB807-63CF-4324-9B61-160966168CB1}"
EndProject
Global
	GlobalSection(SolutionConfigurationPlatforms) = preSolution
		Debug|Any CPU = Debug|Any CPU
		Release|Any CPU = Release|Any CPU
	EndGlobalSection
	GlobalSection(ProjectConfigurationPlatforms) = postSolution
		{325AB807-63CF-4324-9B61-160966168CB1}.Debug|Any CPU.ActiveCfg = Debug|Any CPU
		{325AB807-63CF-4324-9B61-160966168CB1}.Debug|Any CPU.Build.0 = Debug|Any CPU
		{325AB807-63CF-4324-9B61-160966168CB1}.Release|Any CPU.ActiveCfg = Release|Any CPU
		{325AB807-63CF-4324-9B61-160966168CB1}.Release|Any CPU.Build.0 = Release|Any CPU
	EndGlobalSection
	GlobalSection(SolutionProperties) = preSolution
		HideSolutionNode = FALSE
	EndGlobalSection
	GlobalSection(ExtensibilityGlobals) = postSolution
		SolutionGuid = {BDBC84A0-AFC6-485F-A2F0-E2FE31EE97BF}
	EndGlobalSection
EndGlobal
