
Microsoft Visual Studio Solution File, Format Version 12.00
# Visual Studio Version 17
VisualStudioVersion = 17.8.34511.84
MinimumVisualStudioVersion = 10.0.40219.1
Project("{FAE04EC0-301F-11D3-BF4B-00C04F79EFBC}") = "Zadanie 2.4", "Zadanie 2.4\Zadanie 2.4.csproj", "{9F846C62-0D39-457C-8D27-8C64F3D748CF}"
EndProject
Global
	GlobalSection(SolutionConfigurationPlatforms) = preSolution
		Debug|Any CPU = Debug|Any CPU
		Release|Any CPU = Release|Any CPU
	EndGlobalSection
	GlobalSection(ProjectConfigurationPlatforms) = postSolution
		{9F846C62-0D39-457C-8D27-8C64F3D748CF}.Debug|Any CPU.ActiveCfg = Debug|Any CPU
		{9F846C62-0D39-457C-8D27-8C64F3D748CF}.Debug|Any CPU.Build.0 = Debug|Any CPU
		{9F846C62-0D39-457C-8D27-8C64F3D748CF}.Release|Any CPU.ActiveCfg = Release|Any CPU
		{9F846C62-0D39-457C-8D27-8C64F3D748CF}.Release|Any CPU.Build.0 = Release|Any CPU
	EndGlobalSection
	GlobalSection(SolutionProperties) = preSolution
		HideSolutionNode = FALSE
	EndGlobalSection
	GlobalSection(ExtensibilityGlobals) = postSolution
		SolutionGuid = {1D457FD0-6538-48AD-B94D-983B4CDEB3DA}
	EndGlobalSection
EndGlobal
