
Microsoft Visual Studio Solution File, Format Version 12.00
# Visual Studio Version 17
VisualStudioVersion = 17.8.34511.84
MinimumVisualStudioVersion = 10.0.40219.1
Project("{FAE04EC0-301F-11D3-BF4B-00C04F79EFBC}") = "Zadanie 5.5", "Zadanie 5.5\Zadanie 5.5.csproj", "{D5654B30-70B7-48E6-9D28-3976CC6883B0}"
EndProject
Global
	GlobalSection(SolutionConfigurationPlatforms) = preSolution
		Debug|Any CPU = Debug|Any CPU
		Release|Any CPU = Release|Any CPU
	EndGlobalSection
	GlobalSection(ProjectConfigurationPlatforms) = postSolution
		{D5654B30-70B7-48E6-9D28-3976CC6883B0}.Debug|Any CPU.ActiveCfg = Debug|Any CPU
		{D5654B30-70B7-48E6-9D28-3976CC6883B0}.Debug|Any CPU.Build.0 = Debug|Any CPU
		{D5654B30-70B7-48E6-9D28-3976CC6883B0}.Release|Any CPU.ActiveCfg = Release|Any CPU
		{D5654B30-70B7-48E6-9D28-3976CC6883B0}.Release|Any CPU.Build.0 = Release|Any CPU
	EndGlobalSection
	GlobalSection(SolutionProperties) = preSolution
		HideSolutionNode = FALSE
	EndGlobalSection
	GlobalSection(ExtensibilityGlobals) = postSolution
		SolutionGuid = {3C87F2AA-5BAA-4D35-8E93-4B11E454E6F5}
	EndGlobalSection
EndGlobal
